// !$*UTF8*$!
{
	archiveVersion = 1;
	classes = {
	};
	objectVersion = 56;
	objects = {

/* Begin PBXBuildFile section */
		7568AC0E2C7D79F0008293F3 /* StartChatApp.swift in Sources */ = {isa = PBXBuildFile; fileRef = 7568AC0D2C7D79F0008293F3 /* StartChatApp.swift */; };
		7568AC212C7D79F0008293F3 /* StartChat.framework in Frameworks */ = {isa = PBXBuildFile; fileRef = 7568AC202C7D79F0008293F3 /* StartChat.framework */; };
		7568AC222C7D79F0008293F3 /* StartChat.framework in Embed Frameworks */ = {isa = PBXBuildFile; fileRef = 7568AC202C7D79F0008293F3 /* StartChat.framework */; settings = {ATTRIBUTES = (CodeSignOnCopy, ); }; };
		7568AC252C7D79F0008293F3 /* country_codes.json in Resources */ = {isa = PBXBuildFile; fileRef = 7568AC242C7D79F0008293F3 /* country_codes.json */; };
		BDD1DEF085EFD55EFF5D5EB1 /* StartChatUITests.swift in Sources */ = {isa = PBXBuildFile; fileRef = BFADAC66739EB6F6921CC641 /* StartChatUITests.swift */; };
		FAFFA879871356EC23FA95C7 /* Foundation.framework in Frameworks */ = {isa = PBXBuildFile; fileRef = F11441835916E615895EC64F /* Foundation.framework */; };
/* End PBXBuildFile section */

/* Begin PBXContainerItemProxy section */
		52BD8E9922E5B4DB722A8110 /* PBXContainerItemProxy */ = {
			isa = PBXContainerItemProxy;
			containerPortal = 7568AC062C7D79F0008293F3 /* Project object */;
			proxyType = 1;
			remoteGlobalIDString = 7568AC092C7D79F0008293F3;
			remoteInfo = StartChatApp;
		};
/* End PBXContainerItemProxy section */

/* Begin PBXCopyFilesBuildPhase section */
		7568AC232C7D79F0008293F3 /* Embed Frameworks */ = {
			isa = PBXCopyFilesBuildPhase;
			buildActionMask = 2147483647;
			dstPath = "";
			dstSubfolderSpec = 10;
			files = (
				7568AC222C7D79F0008293F3 /* StartChat.framework in Embed Frameworks */,
			);
			name = "Embed Frameworks";
			runOnlyForDeploymentPostprocessing = 0;
		};
/* End PBXCopyFilesBuildPhase section */

/* Begin PBXFileReference section */
		7568AC0A2C7D79F0008293F3 /* StartChatApp.app */ = {isa = PBXFileReference; explicitFileType = wrapper.application; includeInIndex = 0; path = StartChatApp.app; sourceTree = BUILT_PRODUCTS_DIR; };
		7568AC0D2C7D79F0008293F3 /* StartChatApp.swift */ = {isa = PBXFileReference; lastKnownFileType = sourcecode.swift; path = StartChatApp.swift; sourceTree = "<group>"; };
		7568AC0F2C7D79F0008293F3 /* Info.plist */ = {isa = PBXFileReference; lastKnownFileType = text.plist.xml; path = Info.plist; sourceTree = "<group>"; };
		7568AC112C7D79F0008293F3 /* Assets.xcassets */ = {isa = PBXFileReference; lastKnownFileType = folder.assetcatalog; path = Assets.xcassets; sourceTree = "<group>"; };
		7568AC202C7D79F0008293F3 /* StartChat.framework */ = {isa = PBXFileReference; lastKnownFileType = wrapper.framework; path = ../app/build/bin/iosSimulatorArm64/StartChatDebugFramework/StartChat.framework; sourceTree = SOURCE_ROOT; };
		7568AC242C7D79F0008293F3 /* country_codes.json */ = {isa = PBXFileReference; lastKnownFileType = text.json; path = Resources/country_codes.json; sourceTree = "<group>"; };
		A86816C96A1E7BD88AFEAB6B /* StartChatUITests.xctest */ = {isa = PBXFileReference; explicitFileType = wrapper.cfbundle; includeInIndex = 0; path = StartChatUITests.xctest; sourceTree = BUILT_PRODUCTS_DIR; };
		BFADAC66739EB6F6921CC641 /* StartChatUITests.swift */ = {isa = PBXFileReference; includeInIndex = 1; lastKnownFileType = sourcecode.swift; path = StartChatUITests.swift; sourceTree = "<group>"; };
		F11441835916E615895EC64F /* Foundation.framework */ = {isa = PBXFileReference; lastKnownFileType = wrapper.framework; name = Foundation.framework; path = Platforms/iPhoneOS.platform/Developer/SDKs/iPhoneOS18.0.sdk/System/Library/Frameworks/Foundation.framework; sourceTree = DEVELOPER_DIR; };
/* End PBXFileReference section */

/* Begin PBXFrameworksBuildPhase section */
		7568AC0B2C7D79F0008293F3 /* Frameworks */ = {
			isa = PBXFrameworksBuildPhase;
			buildActionMask = 2147483647;
			files = (
				7568AC212C7D79F0008293F3 /* StartChat.framework in Frameworks */,
			);
			runOnlyForDeploymentPostprocessing = 0;
		};
		9F7A5ED6FCE8A5C1B5640519 /* Frameworks */ = {
			isa = PBXFrameworksBuildPhase;
			buildActionMask = 2147483647;
			files = (
				FAFFA879871356EC23FA95C7 /* Foundation.framework in Frameworks */,
			);
			runOnlyForDeploymentPostprocessing = 0;
		};
/* End PBXFrameworksBuildPhase section */

/* Begin PBXGroup section */
		7568AC052C7D79F0008293F3 = {
			isa = PBXGroup;
			children = (
				7568AC0C2C7D79F0008293F3 /* StartChat */,
				7568AC302C7D79F0008293F3 /* Products */,
				99BDB6E54F71BF2A8F9750E8 /* Frameworks */,
				CD2D250B21AD4B05C2053256 /* StartChatUITests */,
			);
			sourceTree = "<group>";
		};
		7568AC0C2C7D79F0008293F3 /* StartChat */ = {
			isa = PBXGroup;
			children = (
				7568AC0D2C7D79F0008293F3 /* StartChatApp.swift */,
				7568AC0F2C7D79F0008293F3 /* Info.plist */,
				7568AC112C7D79F0008293F3 /* Assets.xcassets */,
				7568AC202C7D79F0008293F3 /* StartChat.framework */,
				7568AC242C7D79F0008293F3 /* country_codes.json */,
			);
			path = StartChat;
			sourceTree = "<group>";
		};
		7568AC302C7D79F0008293F3 /* Products */ = {
			isa = PBXGroup;
			children = (
				7568AC0A2C7D79F0008293F3 /* StartChatApp.app */,
				A86816C96A1E7BD88AFEAB6B /* StartChatUITests.xctest */,
			);
			name = Products;
			sourceTree = "<group>";
		};
		99BDB6E54F71BF2A8F9750E8 /* Frameworks */ = {
			isa = PBXGroup;
			children = (
				C3914F73FC9535D83F188B4F /* iOS */,
			);
			name = Frameworks;
			sourceTree = "<group>";
		};
		C3914F73FC9535D83F188B4F /* iOS */ = {
			isa = PBXGroup;
			children = (
				F11441835916E615895EC64F /* Foundation.framework */,
			);
			name = iOS;
			sourceTree = "<group>";
		};
		CD2D250B21AD4B05C2053256 /* StartChatUITests */ = {
			isa = PBXGroup;
			children = (
				BFADAC66739EB6F6921CC641 /* StartChatUITests.swift */,
			);
			name = StartChatUITests;
			path = StartChatUITests;
			sourceTree = "<group>";
		};
/* End PBXGroup section */

/* Begin PBXNativeTarget section */
		7568AC092C7D79F0008293F3 /* StartChatApp */ = {
			isa = PBXNativeTarget;
			buildConfigurationList = 7568AC122C7D79F0008293F3 /* Build configuration list for PBXNativeTarget "StartChatApp" */;
			buildPhases = (
				7568AC0B2C7D79F0008293F3 /* Frameworks */,
				7568AC102C7D79F0008293F3 /* Sources */,
				7568AC262C7D79F0008293F3 /* Resources */,
				7568AC232C7D79F0008293F3 /* Embed Frameworks */,
			);
			buildRules = (
			);
			dependencies = (
			);
			name = StartChatApp;
			productName = StartChatApp;
			productReference = 7568AC0A2C7D79F0008293F3 /* StartChatApp.app */;
			productType = "com.apple.product-type.application";
		};
		EBD6BA60FAA6737D43C35F63 /* StartChatUITests */ = {
			isa = PBXNativeTarget;
			buildConfigurationList = C26B6D2920E06B241C6E97F5 /* Build configuration list for PBXNativeTarget "StartChatUITests" */;
			buildPhases = (
				C6A165A61F60AF0D2EDB4B8F /* Sources */,
				9F7A5ED6FCE8A5C1B5640519 /* Frameworks */,
				575FA79350F26C87E5587391 /* Resources */,
			);
			buildRules = (
			);
			dependencies = (
				B1540B30EACFA2D314F0FB22 /* PBXTargetDependency */,
			);
			name = StartChatUITests;
			productName = StartChatUITests;
			productReference = A86816C96A1E7BD88AFEAB6B /* StartChatUITests.xctest */;
			productType = "com.apple.product-type.bundle.ui-testing";
		};
/* End PBXNativeTarget section */

/* Begin PBXProject section */
		7568AC062C7D79F0008293F3 /* Project object */ = {
			isa = PBXProject;
			attributes = {
				BuildIndependentTargetsInParallel = YES;
				LastSwiftUpdateCheck = 1500;
				LastUpgradeCheck = 2660;
				TargetAttributes = {
					7568AC092C7D79F0008293F3 = {
						CreatedOnToolsVersion = 15.0;
					};
				};
			};
			buildConfigurationList = 7568AC072C7D79F0008293F3 /* Build configuration list for PBXProject "StartChat" */;
			compatibilityVersion = "Xcode 14.0";
			developmentRegion = en;
			hasScannedForEncodings = 0;
			knownRegions = (
				en,
				Base,
			);
			mainGroup = 7568AC052C7D79F0008293F3;
			productRefGroup = 7568AC302C7D79F0008293F3 /* Products */;
			projectDirPath = "";
			projectRoot = "";
			targets = (
				7568AC092C7D79F0008293F3 /* StartChatApp */,
				EBD6BA60FAA6737D43C35F63 /* StartChatUITests */,
			);
		};
/* End PBXProject section */

/* Begin PBXResourcesBuildPhase section */
		575FA79350F26C87E5587391 /* Resources */ = {
			isa = PBXResourcesBuildPhase;
			buildActionMask = 2147483647;
			files = (
			);
			runOnlyForDeploymentPostprocessing = 0;
		};
		7568AC262C7D79F0008293F3 /* Resources */ = {
			isa = PBXResourcesBuildPhase;
			buildActionMask = 2147483647;
			files = (
				7568AC252C7D79F0008293F3 /* country_codes.json in Resources */,
			);
			runOnlyForDeploymentPostprocessing = 0;
		};
/* End PBXResourcesBuildPhase section */

/* Begin PBXSourcesBuildPhase section */
		7568AC102C7D79F0008293F3 /* Sources */ = {
			isa = PBXSourcesBuildPhase;
			buildActionMask = 2147483647;
			files = (
				7568AC0E2C7D79F0008293F3 /* StartChatApp.swift in Sources */,
			);
			runOnlyForDeploymentPostprocessing = 0;
		};
		C6A165A61F60AF0D2EDB4B8F /* Sources */ = {
			isa = PBXSourcesBuildPhase;
			buildActionMask = 2147483647;
			files = (
				BDD1DEF085EFD55EFF5D5EB1 /* StartChatUITests.swift in Sources */,
			);
			runOnlyForDeploymentPostprocessing = 0;
		};
/* End PBXSourcesBuildPhase section */

/* Begin PBXTargetDependency section */
		B1540B30EACFA2D314F0FB22 /* PBXTargetDependency */ = {
			isa = PBXTargetDependency;
			name = StartChatApp;
			target = 7568AC092C7D79F0008293F3 /* StartChatApp */;
			targetProxy = 52BD8E9922E5B4DB722A8110 /* PBXContainerItemProxy */;
		};
/* End PBXTargetDependency section */

/* Begin XCBuildConfiguration section */
		2F112FE0896B6B8A0E7C9CE8 /* Release */ = {
			isa = XCBuildConfiguration;
			buildSettings = {
				CLANG_ENABLE_OBJC_WEAK = NO;
				CODE_SIGN_STYLE = Automatic;
				CURRENT_PROJECT_VERSION = 1;
				DEVELOPMENT_TEAM = "";
				GENERATE_INFOPLIST_FILE = YES;
				IPHONEOS_DEPLOYMENT_TARGET = 15.0;
				MARKETING_VERSION = 1.0;
				PRODUCT_BUNDLE_IDENTIFIER = com.gyros.startchat.uitests;
				PRODUCT_NAME = "$(TARGET_NAME)";
				SDKROOT = iphoneos;
				SWIFT_VERSION = 5.0;
				TARGETED_DEVICE_FAMILY = "1,2";
				TEST_TARGET_NAME = StartChatApp;
				VALIDATE_PRODUCT = YES;
			};
			name = Release;
		};
		7568AC132C7D79F0008293F3 /* Debug */ = {
			isa = XCBuildConfiguration;
			buildSettings = {
				ALWAYS_SEARCH_USER_PATHS = NO;
				ASSETCATALOG_COMPILER_GENERATE_SWIFT_ASSET_SYMBOL_EXTENSIONS = YES;
				CLANG_ANALYZER_NONNULL = YES;
				CLANG_ANALYZER_NUMBER_OBJECT_CONVERSION = YES_AGGRESSIVE;
				CLANG_CXX_LANGUAGE_STANDARD = "gnu++20";
				CLANG_ENABLE_MODULES = YES;
				CLANG_ENABLE_OBJC_ARC = YES;
				CLANG_ENABLE_OBJC_WEAK = YES;
				CLANG_WARN_BLOCK_CAPTURE_AUTORELEASING = YES;
				CLANG_WARN_BOOL_CONVERSION = YES;
				CLANG_WARN_COMMA = YES;
				CLANG_WARN_CONSTANT_CONVERSION = YES;
				CLANG_WARN_DEPRECATED_OBJC_IMPLEMENTATIONS = YES;
				CLANG_WARN_DIRECT_OBJC_ISA_USAGE = YES_ERROR;
				CLANG_WARN_DOCUMENTATION_COMMENTS = YES;
				CLANG_WARN_EMPTY_BODY = YES;
				CLANG_WARN_ENUM_CONVERSION = YES;
				CLANG_WARN_INFINITE_RECURSION = YES;
				CLANG_WARN_INT_CONVERSION = YES;
				CLANG_WARN_NON_LITERAL_NULL_CONVERSION = YES;
				CLANG_WARN_OBJC_IMPLICIT_RETAIN_SELF = YES;
				CLANG_WARN_OBJC_LITERAL_CONVERSION = YES;
				CLANG_WARN_OBJC_ROOT_CLASS_PREFIX_IN_HEADER = YES;
				CLANG_WARN_QUOTED_INCLUDE_IN_FRAMEWORK_HEADER = YES;
				CLANG_WARN_RANGE_LOOP_ANALYSIS = YES;
				CLANG_WARN_STRICT_PROTOTYPES = YES;
				CLANG_WARN_SUSPICIOUS_MOVE = YES;
				CLANG_WARN_UNGUARDED_AVAILABILITY = YES_AGGRESSIVE;
				CLANG_WARN_UNREACHABLE_CODE = YES;
				CLANG_WARN__DUPLICATE_METHOD_MATCH = YES;
				COPY_PHASE_STRIP = NO;
				DEBUG_INFORMATION_FORMAT = dwarf;
				ENABLE_STRICT_OBJC_MSGSEND = YES;
				ENABLE_TESTABILITY = YES;
				ENABLE_USER_SCRIPT_SANDBOXING = NO;
				GCC_C_LANGUAGE_STANDARD = gnu11;
				GCC_DYNAMIC_NO_PIC = NO;
				GCC_NO_COMMON_BLOCKS = YES;
				GCC_OPTIMIZATION_LEVEL = 0;
				GCC_PREPROCESSOR_DEFINITIONS = (
					"DEBUG=1",
					"$(inherited)",
				);
				GCC_WARN_64_TO_32_BIT_CONVERSION = YES;
				GCC_WARN_ABOUT_RETURN_TYPE = YES_ERROR;
				GCC_WARN_UNDECLARED_SELECTOR = YES;
				GCC_WARN_UNINITIALIZED_AUTOS = YES_AGGRESSIVE;
				GCC_WARN_UNUSED_FUNCTION = YES;
				GCC_WARN_UNUSED_VARIABLE = YES;
				IPHONEOS_DEPLOYMENT_TARGET = 15.0;
				LOCALIZATION_PREFERS_STRING_CATALOGS = YES;
				MTL_ENABLE_DEBUG_INFO = INCLUDE_SOURCE;
				MTL_FAST_MATH = YES;
				ONLY_ACTIVE_ARCH = YES;
				SDKROOT = iphoneos;
				STRING_CATALOG_GENERATE_SYMBOLS = YES;
				SWIFT_ACTIVE_COMPILATION_CONDITIONS = DEBUG;
				SWIFT_OPTIMIZATION_LEVEL = "-Onone";
			};
			name = Debug;
		};
		7568AC142C7D79F0008293F3 /* Release */ = {
			isa = XCBuildConfiguration;
			buildSettings = {
				ALWAYS_SEARCH_USER_PATHS = NO;
				ASSETCATALOG_COMPILER_GENERATE_SWIFT_ASSET_SYMBOL_EXTENSIONS = YES;
				CLANG_ANALYZER_NONNULL = YES;
				CLANG_ANALYZER_NUMBER_OBJECT_CONVERSION = YES_AGGRESSIVE;
				CLANG_CXX_LANGUAGE_STANDARD = "gnu++20";
				CLANG_ENABLE_MODULES = YES;
				CLANG_ENABLE_OBJC_ARC = YES;
				CLANG_ENABLE_OBJC_WEAK = YES;
				CLANG_WARN_BLOCK_CAPTURE_AUTORELEASING = YES;
				CLANG_WARN_BOOL_CONVERSION = YES;
				CLANG_WARN_COMMA = YES;
				CLANG_WARN_CONSTANT_CONVERSION = YES;
				CLANG_WARN_DEPRECATED_OBJC_IMPLEMENTATIONS = YES;
				CLANG_WARN_DIRECT_OBJC_ISA_USAGE = YES_ERROR;
				CLANG_WARN_DOCUMENTATION_COMMENTS = YES;
				CLANG_WARN_EMPTY_BODY = YES;
				CLANG_WARN_ENUM_CONVERSION = YES;
				CLANG_WARN_INFINITE_RECURSION = YES;
				CLANG_WARN_INT_CONVERSION = YES;
				CLANG_WARN_NON_LITERAL_NULL_CONVERSION = YES;
				CLANG_WARN_OBJC_IMPLICIT_RETAIN_SELF = YES;
				CLANG_WARN_OBJC_LITERAL_CONVERSION = YES;
				CLANG_WARN_OBJC_ROOT_CLASS_PREFIX_IN_HEADER = YES;
				CLANG_WARN_QUOTED_INCLUDE_IN_FRAMEWORK_HEADER = YES;
				CLANG_WARN_RANGE_LOOP_ANALYSIS = YES;
				CLANG_WARN_STRICT_PROTOTYPES = YES;
				CLANG_WARN_SUSPICIOUS_MOVE = YES;
				CLANG_WARN_UNGUARDED_AVAILABILITY = YES_AGGRESSIVE;
				CLANG_WARN_UNREACHABLE_CODE = YES;
				CLANG_WARN__DUPLICATE_METHOD_MATCH = YES;
				COPY_PHASE_STRIP = NO;
				DEBUG_INFORMATION_FORMAT = "dwarf-with-dsym";
				ENABLE_NS_ASSERTIONS = NO;
				ENABLE_STRICT_OBJC_MSGSEND = YES;
				ENABLE_USER_SCRIPT_SANDBOXING = NO;
				GCC_C_LANGUAGE_STANDARD = gnu11;
				GCC_NO_COMMON_BLOCKS = YES;
				GCC_WARN_64_TO_32_BIT_CONVERSION = YES;
				GCC_WARN_ABOUT_RETURN_TYPE = YES_ERROR;
				GCC_WARN_UNDECLARED_SELECTOR = YES;
				GCC_WARN_UNINITIALIZED_AUTOS = YES_AGGRESSIVE;
				GCC_WARN_UNUSED_FUNCTION = YES;
				GCC_WARN_UNUSED_VARIABLE = YES;
				IPHONEOS_DEPLOYMENT_TARGET = 15.0;
				LOCALIZATION_PREFERS_STRING_CATALOGS = YES;
				MTL_ENABLE_DEBUG_INFO = NO;
				MTL_FAST_MATH = YES;
				SDKROOT = iphoneos;
				STRING_CATALOG_GENERATE_SYMBOLS = YES;
				SWIFT_COMPILATION_MODE = wholemodule;
				SWIFT_OPTIMIZATION_LEVEL = "-O";
				VALIDATE_PRODUCT = YES;
			};
			name = Release;
		};
		7568AC152C7D79F0008293F3 /* Debug */ = {
			isa = XCBuildConfiguration;
			buildSettings = {
				ASSETCATALOG_COMPILER_APPICON_NAME = AppIcon;
				ASSETCATALOG_COMPILER_GLOBAL_ACCENT_COLOR_NAME = AccentColor;
				CODE_SIGN_STYLE = Automatic;
				CURRENT_PROJECT_VERSION = 1;
				DEVELOPMENT_TEAM = "";
				ENABLE_PREVIEWS = YES;
				FRAMEWORK_SEARCH_PATHS = (
					"$(inherited)",
					"$(SRCROOT)/../app/build/bin/iosSimulatorArm64/StartChat$(CONFIGURATION)Framework",
				);
				GENERATE_INFOPLIST_FILE = YES;
				INFOPLIST_FILE = StartChat/Info.plist;
				INFOPLIST_KEY_UIApplicationSceneManifest_Generation = YES;
				INFOPLIST_KEY_UIApplicationSupportsIndirectInputEvents = YES;
				INFOPLIST_KEY_UILaunchScreen_Generation = YES;
				INFOPLIST_KEY_UISupportedInterfaceOrientations_iPad = "UIInterfaceOrientationPortrait UIInterfaceOrientationPortraitUpsideDown UIInterfaceOrientationLandscapeLeft UIInterfaceOrientationLandscapeRight";
				INFOPLIST_KEY_UISupportedInterfaceOrientations_iPhone = "UIInterfaceOrientationPortrait UIInterfaceOrientationLandscapeLeft UIInterfaceOrientationLandscapeRight";
				IPHONEOS_DEPLOYMENT_TARGET = 15.0;
				LD_RUNPATH_SEARCH_PATHS = (
					"$(inherited)",
					"@executable_path/Frameworks",
				);
				MARKETING_VERSION = 1.0;
				PRODUCT_BUNDLE_IDENTIFIER = com.gyros.startchat;
				PRODUCT_NAME = "$(TARGET_NAME)";
				SWIFT_EMIT_LOC_STRINGS = YES;
				SWIFT_VERSION = 5.0;
				TARGETED_DEVICE_FAMILY = "1,2";
			};
			name = Debug;
		};
		7568AC162C7D79F0008293F3 /* Release */ = {
			isa = XCBuildConfiguration;
			buildSettings = {
				ASSETCATALOG_COMPILER_APPICON_NAME = AppIcon;
				ASSETCATALOG_COMPILER_GLOBAL_ACCENT_COLOR_NAME = AccentColor;
				CODE_SIGN_STYLE = Automatic;
				CURRENT_PROJECT_VERSION = 1;
				DEVELOPMENT_TEAM = "";
				ENABLE_PREVIEWS = YES;
				FRAMEWORK_SEARCH_PATHS = (
					"$(inherited)",
					"$(SRCROOT)/../app/build/bin/iosSimulatorArm64/StartChat$(CONFIGURATION)Framework",
				);
				GENERATE_INFOPLIST_FILE = YES;
				INFOPLIST_FILE = StartChat/Info.plist;
				INFOPLIST_KEY_UIApplicationSceneManifest_Generation = YES;
				INFOPLIST_KEY_UIApplicationSupportsIndirectInputEvents = YES;
				INFOPLIST_KEY_UILaunchScreen_Generation = YES;
				INFOPLIST_KEY_UISupportedInterfaceOrientations_iPad = "UIInterfaceOrientationPortrait UIInterfaceOrientationPortraitUpsideDown UIInterfaceOrientationLandscapeLeft UIInterfaceOrientationLandscapeRight";
				INFOPLIST_KEY_UISupportedInterfaceOrientations_iPhone = "UIInterfaceOrientationPortrait UIInterfaceOrientationLandscapeLeft UIInterfaceOrientationLandscapeRight";
				IPHONEOS_DEPLOYMENT_TARGET = 15.0;
				LD_RUNPATH_SEARCH_PATHS = (
					"$(inherited)",
					"@executable_path/Frameworks",
				);
				MARKETING_VERSION = 1.0;
				PRODUCT_BUNDLE_IDENTIFIER = com.gyros.startchat;
				PRODUCT_NAME = "$(TARGET_NAME)";
				SWIFT_EMIT_LOC_STRINGS = YES;
				SWIFT_VERSION = 5.0;
				TARGETED_DEVICE_FAMILY = "1,2";
			};
			name = Release;
		};
		D6E47B462D308CD6E31621E7 /* Debug */ = {
			isa = XCBuildConfiguration;
			buildSettings = {
				CLANG_ENABLE_OBJC_WEAK = NO;
				CODE_SIGN_STYLE = Automatic;
				CURRENT_PROJECT_VERSION = 1;
				DEVELOPMENT_TEAM = "";
				GENERATE_INFOPLIST_FILE = YES;
				IPHONEOS_DEPLOYMENT_TARGET = 15.0;
				MARKETING_VERSION = 1.0;
				PRODUCT_BUNDLE_IDENTIFIER = com.gyros.startchat.uitests;
				PRODUCT_NAME = "$(TARGET_NAME)";
				SDKROOT = iphoneos;
				SWIFT_VERSION = 5.0;
				TARGETED_DEVICE_FAMILY = "1,2";
				TEST_TARGET_NAME = StartChatApp;
			};
			name = Debug;
		};
/* End XCBuildConfiguration section */

/* Begin XCConfigurationList section */
		7568AC072C7D79F0008293F3 /* Build configuration list for PBXProject "StartChat" */ = {
			isa = XCConfigurationList;
			buildConfigurations = (
				7568AC132C7D79F0008293F3 /* Debug */,
				7568AC142C7D79F0008293F3 /* Release */,
			);
			defaultConfigurationIsVisible = 0;
			defaultConfigurationName = Release;
		};
		7568AC122C7D79F0008293F3 /* Build configuration list for PBXNativeTarget "StartChatApp" */ = {
			isa = XCConfigurationList;
			buildConfigurations = (
				7568AC152C7D79F0008293F3 /* Debug */,
				7568AC162C7D79F0008293F3 /* Release */,
			);
			defaultConfigurationIsVisible = 0;
			defaultConfigurationName = Release;
		};
		C26B6D2920E06B241C6E97F5 /* Build configuration list for PBXNativeTarget "StartChatUITests" */ = {
			isa = XCConfigurationList;
			buildConfigurations = (
				2F112FE0896B6B8A0E7C9CE8 /* Release */,
				D6E47B462D308CD6E31621E7 /* Debug */,
			);
			defaultConfigurationIsVisible = 0;
			defaultConfigurationName = Release;
		};
/* End XCConfigurationList section */
	};
	rootObject = 7568AC062C7D79F0008293F3 /* Project object */;
}
